
Microsoft Visual Studio Solution File, Format Version 12.00
# Visual Studio Version 16
VisualStudioVersion = 16.0.29215.179
MinimumVisualStudioVersion = 10.0.40219.1
Project("{8BC9CEB8-8B4A-11D0-8D11-00A0C91BC942}") = "MainTask", "MainTask\MainTask.vcxproj", "{805A428F-B633-425D-8188-B3A8F93659D9}"
EndProject
Project("{8BC9CEB8-8B4A-11D0-8D11-00A0C91BC942}") = "Test01", "Task01\Task01.vcxproj", "{432F55C6-79F1-4F6D-AF10-15B04D22B104}"
EndProject
Project("{8BC9CEB8-8B4A-11D0-8D11-00A0C91BC942}") = "Project1", "Project1\Project1.vcxproj", "{98DCA7CF-D9BB-4C43-B60A-0EA8E61B591C}"
EndProject
Global
	GlobalSection(SolutionConfigurationPlatforms) = preSolution
		Debug|x64 = Debug|x64
		Debug|x86 = Debug|x86
		Release|x64 = Release|x64
		Release|x86 = Release|x86
	EndGlobalSection
	GlobalSection(ProjectConfigurationPlatforms) = postSolution
		{805A428F-B633-425D-8188-B3A8F93659D9}.Debug|x64.ActiveCfg = Debug|x64
		{805A428F-B633-425D-8188-B3A8F93659D9}.Debug|x64.Build.0 = Debug|x64
		{805A428F-B633-425D-8188-B3A8F93659D9}.Debug|x86.ActiveCfg = Debug|Win32
		{805A428F-B633-425D-8188-B3A8F93659D9}.Debug|x86.Build.0 = Debug|Win32
		{805A428F-B633-425D-8188-B3A8F93659D9}.Release|x64.ActiveCfg = Release|x64
		{805A428F-B633-425D-8188-B3A8F93659D9}.Release|x64.Build.0 = Release|x64
		{805A428F-B633-425D-8188-B3A8F93659D9}.Release|x86.ActiveCfg = Release|Win32
		{805A428F-B633-425D-8188-B3A8F93659D9}.Release|x86.Build.0 = Release|Win32
		{432F55C6-79F1-4F6D-AF10-15B04D22B104}.Debug|x64.ActiveCfg = Debug|x64
		{432F55C6-79F1-4F6D-AF10-15B04D22B104}.Debug|x64.Build.0 = Debug|x64
		{432F55C6-79F1-4F6D-AF10-15B04D22B104}.Debug|x86.ActiveCfg = Debug|Win32
		{432F55C6-79F1-4F6D-AF10-15B04D22B104}.Debug|x86.Build.0 = Debug|Win32
		{432F55C6-79F1-4F6D-AF10-15B04D22B104}.Release|x64.ActiveCfg = Release|x64
		{432F55C6-79F1-4F6D-AF10-15B04D22B104}.Release|x64.Build.0 = Release|x64
		{432F55C6-79F1-4F6D-AF10-15B04D22B104}.Release|x86.ActiveCfg = Release|Win32
		{432F55C6-79F1-4F6D-AF10-15B04D22B104}.Release|x86.Build.0 = Release|Win32
		{98DCA7CF-D9BB-4C43-B60A-0EA8E61B591C}.Debug|x64.ActiveCfg = Debug|x64
		{98DCA7CF-D9BB-4C43-B60A-0EA8E61B591C}.Debug|x64.Build.0 = Debug|x64
		{98DCA7CF-D9BB-4C43-B60A-0EA8E61B591C}.Debug|x86.ActiveCfg = Debug|Win32
		{98DCA7CF-D9BB-4C43-B60A-0EA8E61B591C}.Debug|x86.Build.0 = Debug|Win32
		{98DCA7CF-D9BB-4C43-B60A-0EA8E61B591C}.Release|x64.ActiveCfg = Release|x64
		{98DCA7CF-D9BB-4C43-B60A-0EA8E61B591C}.Release|x64.Build.0 = Release|x64
		{98DCA7CF-D9BB-4C43-B60A-0EA8E61B591C}.Release|x86.ActiveCfg = Release|Win32
		{98DCA7CF-D9BB-4C43-B60A-0EA8E61B591C}.Release|x86.Build.0 = Release|Win32
	EndGlobalSection
	GlobalSection(SolutionProperties) = preSolution
		HideSolutionNode = FALSE
	EndGlobalSection
	GlobalSection(ExtensibilityGlobals) = postSolution
		SolutionGuid = {00C5A32F-F298-4F26-9EB8-82AF8052235F}
	EndGlobalSection
EndGlobal
